
Microsoft Visual Studio Solution File, Format Version 12.00
# Visual Studio Version 17
VisualStudioVersion = 17.3.32901.215
MinimumVisualStudioVersion = 10.0.40219.1
Project("{FAE04EC0-301F-11D3-BF4B-00C04F79EFBC}") = "prueba1", "prueba1.csproj", "{9B24A860-059A-43A9-8103-97D52C53364B}"
EndProject
Global
	GlobalSection(SolutionConfigurationPlatforms) = preSolution
		Debug|Any CPU = Debug|Any CPU
		Release|Any CPU = Release|Any CPU
	EndGlobalSection
	GlobalSection(ProjectConfigurationPlatforms) = postSolution
		{9B24A860-059A-43A9-8103-97D52C53364B}.Debug|Any CPU.ActiveCfg = Debug|Any CPU
		{9B24A860-059A-43A9-8103-97D52C53364B}.Debug|Any CPU.Build.0 = Debug|Any CPU
		{9B24A860-059A-43A9-8103-97D52C53364B}.Release|Any CPU.ActiveCfg = Release|Any CPU
		{9B24A860-059A-43A9-8103-97D52C53364B}.Release|Any CPU.Build.0 = Release|Any CPU
	EndGlobalSection
	GlobalSection(SolutionProperties) = preSolution
		HideSolutionNode = FALSE
	EndGlobalSection
	GlobalSection(ExtensibilityGlobals) = postSolution
		SolutionGuid = {14720EC3-BE34-41CB-854A-67FE02E490B0}
	EndGlobalSection
EndGlobal
